// !$*UTF8*$!
{
	archiveVersion = 1;
	classes = {
	};
	objectVersion = 77;
	objects = {

/* Begin PBXBuildFile section */
		8158324D2FBE6CCC000D9B3A /* erd.dbml in Resources */ = {isa = PBXBuildFile; fileRef = 8158324A2FBE6CCC000D9B3A /* erd.dbml */; };
		8158324E2FBE6CCC000D9B3A /* er-mapping.md in Resources */ = {isa = PBXBuildFile; fileRef = 815832492FBE6CCC000D9B3A /* er-mapping.md */; };
		8158324F2FBE6CCC000D9B3A /* schema.sql in Resources */ = {isa = PBXBuildFile; fileRef = 8158324B2FBE6CCC000D9B3A /* schema.sql */; };
		815832562FBF525A000D9B3A /* Supabase in Frameworks */ = {isa = PBXBuildFile; productRef = 815832552FBF525A000D9B3A /* Supabase */; };
/* End PBXBuildFile section */

/* Begin PBXContainerItemProxy section */
		815832132FBC00EC000D9B3A /* PBXContainerItemProxy */ = {
			isa = PBXContainerItemProxy;
			containerPortal = 815831F82FBC00EA000D9B3A /* Project object */;
			proxyType = 1;
			remoteGlobalIDString = 815831FF2FBC00EA000D9B3A;
			remoteInfo = atlas;
		};
		8158321D2FBC00EC000D9B3A /* PBXContainerItemProxy */ = {
			isa = PBXContainerItemProxy;
			containerPortal = 815831F82FBC00EA000D9B3A /* Project object */;
			proxyType = 1;
			remoteGlobalIDString = 815831FF2FBC00EA000D9B3A;
			remoteInfo = atlas;
		};
/* End PBXContainerItemProxy section */

/* Begin PBXFileReference section */
		815832002FBC00EA000D9B3A /* atlas.app */ = {isa = PBXFileReference; explicitFileType = wrapper.application; includeInIndex = 0; path = atlas.app; sourceTree = BUILT_PRODUCTS_DIR; };
		815832122FBC00EC000D9B3A /* atlasTests.xctest */ = {isa = PBXFileReference; explicitFileType = wrapper.cfbundle; includeInIndex = 0; path = atlasTests.xctest; sourceTree = BUILT_PRODUCTS_DIR; };
		8158321C2FBC00EC000D9B3A /* atlasUITests.xctest */ = {isa = PBXFileReference; explicitFileType = wrapper.cfbundle; includeInIndex = 0; path = atlasUITests.xctest; sourceTree = BUILT_PRODUCTS_DIR; };
		815832492FBE6CCC000D9B3A /* er-mapping.md */ = {isa = PBXFileReference; lastKnownFileType = net.daringfireball.markdown; path = "er-mapping.md"; sourceTree = "<group>"; };
		8158324A2FBE6CCC000D9B3A /* erd.dbml */ = {isa = PBXFileReference; lastKnownFileType = text; path = erd.dbml; sourceTree = "<group>"; };
		8158324B2FBE6CCC000D9B3A /* schema.sql */ = {isa = PBXFileReference; lastKnownFileType = text; path = schema.sql; sourceTree = "<group>"; };
/* End PBXFileReference section */

/* Begin PBXFileSystemSynchronizedRootGroup section */
		815832022FBC00EA000D9B3A /* atlas */ = {
			isa = PBXFileSystemSynchronizedRootGroup;
			path = atlas;
			sourceTree = "<group>";
		};
		815832152FBC00EC000D9B3A /* atlasTests */ = {
			isa = PBXFileSystemSynchronizedRootGroup;
			path = atlasTests;
			sourceTree = "<group>";
		};
		8158321F2FBC00EC000D9B3A /* atlasUITests */ = {
			isa = PBXFileSystemSynchronizedRootGroup;
			path = atlasUITests;
			sourceTree = "<group>";
		};
/* End PBXFileSystemSynchronizedRootGroup section */

/* Begin PBXFrameworksBuildPhase section */
		815831FD2FBC00EA000D9B3A /* Frameworks */ = {
			isa = PBXFrameworksBuildPhase;
			buildActionMask = 2147483647;
			files = (
				815832562FBF525A000D9B3A /* Supabase in Frameworks */,
			);
			runOnlyForDeploymentPostprocessing = 0;
		};
		8158320F2FBC00EC000D9B3A /* Frameworks */ = {
			isa = PBXFrameworksBuildPhase;
			buildActionMask = 2147483647;
			files = (
			);
			runOnlyForDeploymentPostprocessing = 0;
		};
		815832192FBC00EC000D9B3A /* Frameworks */ = {
			isa = PBXFrameworksBuildPhase;
			buildActionMask = 2147483647;
			files = (
			);
			runOnlyForDeploymentPostprocessing = 0;
		};
/* End PBXFrameworksBuildPhase section */

/* Begin PBXGroup section */
		815831F72FBC00EA000D9B3A = {
			isa = PBXGroup;
			children = (
				8158324C2FBE6CCC000D9B3A /* docs */,
				815832022FBC00EA000D9B3A /* atlas */,
				815832152FBC00EC000D9B3A /* atlasTests */,
				8158321F2FBC00EC000D9B3A /* atlasUITests */,
				815832542FBF525A000D9B3A /* Frameworks */,
				815832012FBC00EA000D9B3A /* Products */,
			);
			sourceTree = "<group>";
		};
		815832012FBC00EA000D9B3A /* Products */ = {
			isa = PBXGroup;
			children = (
				815832002FBC00EA000D9B3A /* atlas.app */,
				815832122FBC00EC000D9B3A /* atlasTests.xctest */,
				8158321C2FBC00EC000D9B3A /* atlasUITests.xctest */,
			);
			name = Products;
			sourceTree = "<group>";
		};
		8158324C2FBE6CCC000D9B3A /* docs */ = {
			isa = PBXGroup;
			children = (
				815832492FBE6CCC000D9B3A /* er-mapping.md */,
				8158324A2FBE6CCC000D9B3A /* erd.dbml */,
				8158324B2FBE6CCC000D9B3A /* schema.sql */,
			);
			path = docs;
			sourceTree = "<group>";
		};
		815832542FBF525A000D9B3A /* Frameworks */ = {
			isa = PBXGroup;
			children = (
			);
			name = Frameworks;
			sourceTree = "<group>";
		};
/* End PBXGroup section */

/* Begin PBXNativeTarget section */
		815831FF2FBC00EA000D9B3A /* atlas */ = {
			isa = PBXNativeTarget;
			buildConfigurationList = 815832262FBC00EC000D9B3A /* Build configuration list for PBXNativeTarget "atlas" */;
			buildPhases = (
				815831FC2FBC00EA000D9B3A /* Sources */,
				815831FD2FBC00EA000D9B3A /* Frameworks */,
				815831FE2FBC00EA000D9B3A /* Resources */,
			);
			buildRules = (
			);
			dependencies = (
			);
			fileSystemSynchronizedGroups = (
				815832022FBC00EA000D9B3A /* atlas */,
			);
			name = atlas;
			packageProductDependencies = (
				815832552FBF525A000D9B3A /* Supabase */,
			);
			productName = atlas;
			productReference = 815832002FBC00EA000D9B3A /* atlas.app */;
			productType = "com.apple.product-type.application";
		};
		815832112FBC00EC000D9B3A /* atlasTests */ = {
			isa = PBXNativeTarget;
			buildConfigurationList = 815832292FBC00EC000D9B3A /* Build configuration list for PBXNativeTarget "atlasTests" */;
			buildPhases = (
				8158320E2FBC00EC000D9B3A /* Sources */,
				8158320F2FBC00EC000D9B3A /* Frameworks */,
				815832102FBC00EC000D9B3A /* Resources */,
			);
			buildRules = (
			);
			dependencies = (
				815832142FBC00EC000D9B3A /* PBXTargetDependency */,
			);
			fileSystemSynchronizedGroups = (
				815832152FBC00EC000D9B3A /* atlasTests */,
			);
			name = atlasTests;
			packageProductDependencies = (
			);
			productName = atlasTests;
			productReference = 815832122FBC00EC000D9B3A /* atlasTests.xctest */;
			productType = "com.apple.product-type.bundle.unit-test";
		};
		8158321B2FBC00EC000D9B3A /* atlasUITests */ = {
			isa = PBXNativeTarget;
			buildConfigurationList = 8158322C2FBC00EC000D9B3A /* Build configuration list for PBXNativeTarget "atlasUITests" */;
			buildPhases = (
				815832182FBC00EC000D9B3A /* Sources */,
				815832192FBC00EC000D9B3A /* Frameworks */,
				8158321A2FBC00EC000D9B3A /* Resources */,
			);
			buildRules = (
			);
			dependencies = (
				8158321E2FBC00EC000D9B3A /* PBXTargetDependency */,
			);
			fileSystemSynchronizedGroups = (
				8158321F2FBC00EC000D9B3A /* atlasUITests */,
			);
			name = atlasUITests;
			packageProductDependencies = (
			);
			productName = atlasUITests;
			productReference = 8158321C2FBC00EC000D9B3A /* atlasUITests.xctest */;
			productType = "com.apple.product-type.bundle.ui-testing";
		};
/* End PBXNativeTarget section */

/* Begin PBXProject section */
		815831F82FBC00EA000D9B3A /* Project object */ = {
			isa = PBXProject;
			attributes = {
				BuildIndependentTargetsInParallel = 1;
				LastSwiftUpdateCheck = 1620;
				LastUpgradeCheck = 1620;
				TargetAttributes = {
					815831FF2FBC00EA000D9B3A = {
						CreatedOnToolsVersion = 16.2;
					};
					815832112FBC00EC000D9B3A = {
						CreatedOnToolsVersion = 16.2;
						TestTargetID = 815831FF2FBC00EA000D9B3A;
					};
					8158321B2FBC00EC000D9B3A = {
						CreatedOnToolsVersion = 16.2;
						TestTargetID = 815831FF2FBC00EA000D9B3A;
					};
				};
			};
			buildConfigurationList = 815831FB2FBC00EA000D9B3A /* Build configuration list for PBXProject "atlas" */;
			developmentRegion = en;
			hasScannedForEncodings = 0;
			knownRegions = (
				en,
				Base,
			);
			mainGroup = 815831F72FBC00EA000D9B3A;
			minimizedProjectReferenceProxies = 1;
			packageReferences = (
				815832502FBF4EF0000D9B3A /* XCRemoteSwiftPackageReference "supabase-swift" */,
			);
			preferredProjectObjectVersion = 77;
			productRefGroup = 815832012FBC00EA000D9B3A /* Products */;
			projectDirPath = "";
			projectRoot = "";
			targets = (
				815831FF2FBC00EA000D9B3A /* atlas */,
				815832112FBC00EC000D9B3A /* atlasTests */,
				8158321B2FBC00EC000D9B3A /* atlasUITests */,
			);
		};
/* End PBXProject section */

/* Begin PBXResourcesBuildPhase section */
		815831FE2FBC00EA000D9B3A /* Resources */ = {
			isa = PBXResourcesBuildPhase;
			buildActionMask = 2147483647;
			files = (
				8158324D2FBE6CCC000D9B3A /* erd.dbml in Resources */,
				8158324E2FBE6CCC000D9B3A /* er-mapping.md in Resources */,
				8158324F2FBE6CCC000D9B3A /* schema.sql in Resources */,
			);
			runOnlyForDeploymentPostprocessing = 0;
		};
		815832102FBC00EC000D9B3A /* Resources */ = {
			isa = PBXResourcesBuildPhase;
			buildActionMask = 2147483647;
			files = (
			);
			runOnlyForDeploymentPostprocessing = 0;
		};
		8158321A2FBC00EC000D9B3A /* Resources */ = {
			isa = PBXResourcesBuildPhase;
			buildActionMask = 2147483647;
			files = (
			);
			runOnlyForDeploymentPostprocessing = 0;
		};
/* End PBXResourcesBuildPhase section */

/* Begin PBXSourcesBuildPhase section */
		815831FC2FBC00EA000D9B3A /* Sources */ = {
			isa = PBXSourcesBuildPhase;
			buildActionMask = 2147483647;
			files = (
			);
			runOnlyForDeploymentPostprocessing = 0;
		};
		8158320E2FBC00EC000D9B3A /* Sources */ = {
			isa = PBXSourcesBuildPhase;
			buildActionMask = 2147483647;
			files = (
			);
			runOnlyForDeploymentPostprocessing = 0;
		};
		815832182FBC00EC000D9B3A /* Sources */ = {
			isa = PBXSourcesBuildPhase;
			buildActionMask = 2147483647;
			files = (
			);
			runOnlyForDeploymentPostprocessing = 0;
		};
/* End PBXSourcesBuildPhase section */

/* Begin PBXTargetDependency section */
		815832142FBC00EC000D9B3A /* PBXTargetDependency */ = {
			isa = PBXTargetDependency;
			target = 815831FF2FBC00EA000D9B3A /* atlas */;
			targetProxy = 815832132FBC00EC000D9B3A /* PBXContainerItemProxy */;
		};
		8158321E2FBC00EC000D9B3A /* PBXTargetDependency */ = {
			isa = PBXTargetDependency;
			target = 815831FF2FBC00EA000D9B3A /* atlas */;
			targetProxy = 8158321D2FBC00EC000D9B3A /* PBXContainerItemProxy */;
		};
/* End PBXTargetDependency section */

/* Begin XCBuildConfiguration section */
		815832242FBC00EC000D9B3A /* Debug */ = {
			isa = XCBuildConfiguration;
			buildSettings = {
				ALWAYS_SEARCH_USER_PATHS = NO;
				ASSETCATALOG_COMPILER_GENERATE_SWIFT_ASSET_SYMBOL_EXTENSIONS = YES;
				CLANG_ANALYZER_NONNULL = YES;
				CLANG_ANALYZER_NUMBER_OBJECT_CONVERSION = YES_AGGRESSIVE;
				CLANG_CXX_LANGUAGE_STANDARD = "gnu++20";
				CLANG_ENABLE_MODULES = YES;
				CLANG_ENABLE_OBJC_ARC = YES;
				CLANG_ENABLE_OBJC_WEAK = YES;
				CLANG_WARN_BLOCK_CAPTURE_AUTORELEASING = YES;
				CLANG_WARN_BOOL_CONVERSION = YES;
				CLANG_WARN_COMMA = YES;
				CLANG_WARN_CONSTANT_CONVERSION = YES;
				CLANG_WARN_DEPRECATED_OBJC_IMPLEMENTATIONS = YES;
				CLANG_WARN_DIRECT_OBJC_ISA_USAGE = YES_ERROR;
				CLANG_WARN_DOCUMENTATION_COMMENTS = YES;
				CLANG_WARN_EMPTY_BODY = YES;
				CLANG_WARN_ENUM_CONVERSION = YES;
				CLANG_WARN_INFINITE_RECURSION = YES;
				CLANG_WARN_INT_CONVERSION = YES;
				CLANG_WARN_NON_LITERAL_NULL_CONVERSION = YES;
				CLANG_WARN_OBJC_IMPLICIT_RETAIN_SELF = YES;
				CLANG_WARN_OBJC_LITERAL_CONVERSION = YES;
				CLANG_WARN_OBJC_ROOT_CLASS = YES_ERROR;
				CLANG_WARN_QUOTED_INCLUDE_IN_FRAMEWORK_HEADER = YES;
				CLANG_WARN_RANGE_LOOP_ANALYSIS = YES;
				CLANG_WARN_STRICT_PROTOTYPES = YES;
				CLANG_WARN_SUSPICIOUS_MOVE = YES;
				CLANG_WARN_UNGUARDED_AVAILABILITY = YES_AGGRESSIVE;
				CLANG_WARN_UNREACHABLE_CODE = YES;
				CLANG_WARN__DUPLICATE_METHOD_MATCH = YES;
				COPY_PHASE_STRIP = NO;
				DEBUG_INFORMATION_FORMAT = dwarf;
				ENABLE_STRICT_OBJC_MSGSEND = YES;
				ENABLE_TESTABILITY = YES;
				ENABLE_USER_SCRIPT_SANDBOXING = YES;
				GCC_C_LANGUAGE_STANDARD = gnu17;
				GCC_DYNAMIC_NO_PIC = NO;
				GCC_NO_COMMON_BLOCKS = YES;
				GCC_OPTIMIZATION_LEVEL = 0;
				GCC_PREPROCESSOR_DEFINITIONS = (
					"DEBUG=1",
					"$(inherited)",
				);
				GCC_WARN_64_TO_32_BIT_CONVERSION = YES;
				GCC_WARN_ABOUT_RETURN_TYPE = YES_ERROR;
				GCC_WARN_UNDECLARED_SELECTOR = YES;
				GCC_WARN_UNINITIALIZED_AUTOS = YES_AGGRESSIVE;
				GCC_WARN_UNUSED_FUNCTION = YES;
				GCC_WARN_UNUSED_VARIABLE = YES;
				IPHONEOS_DEPLOYMENT_TARGET = 18.2;
				LOCALIZATION_PREFERS_STRING_CATALOGS = YES;
				MTL_ENABLE_DEBUG_INFO = INCLUDE_SOURCE;
				MTL_FAST_MATH = YES;
				ONLY_ACTIVE_ARCH = YES;
				SDKROOT = iphoneos;
				SWIFT_ACTIVE_COMPILATION_CONDITIONS = "DEBUG $(inherited)";
				SWIFT_OPTIMIZATION_LEVEL = "-Onone";
			};
			name = Debug;
		};
		815832252FBC00EC000D9B3A /* Release */ = {
			isa = XCBuildConfiguration;
			buildSettings = {
				ALWAYS_SEARCH_USER_PATHS = NO;
				ASSETCATALOG_COMPILER_GENERATE_SWIFT_ASSET_SYMBOL_EXTENSIONS = YES;
				CLANG_ANALYZER_NONNULL = YES;
				CLANG_ANALYZER_NUMBER_OBJECT_CONVERSION = YES_AGGRESSIVE;
				CLANG_CXX_LANGUAGE_STANDARD = "gnu++20";
				CLANG_ENABLE_MODULES = YES;
				CLANG_ENABLE_OBJC_ARC = YES;
				CLANG_ENABLE_OBJC_WEAK = YES;
				CLANG_WARN_BLOCK_CAPTURE_AUTORELEASING = YES;
				CLANG_WARN_BOOL_CONVERSION = YES;
				CLANG_WARN_COMMA = YES;
				CLANG_WARN_CONSTANT_CONVERSION = YES;
				CLANG_WARN_DEPRECATED_OBJC_IMPLEMENTATIONS = YES;
				CLANG_WARN_DIRECT_OBJC_ISA_USAGE = YES_ERROR;
				CLANG_WARN_DOCUMENTATION_COMMENTS = YES;
				CLANG_WARN_EMPTY_BODY = YES;
				CLANG_WARN_ENUM_CONVERSION = YES;
				CLANG_WARN_INFINITE_RECURSION = YES;
				CLANG_WARN_INT_CONVERSION = YES;
				CLANG_WARN_NON_LITERAL_NULL_CONVERSION = YES;
				CLANG_WARN_OBJC_IMPLICIT_RETAIN_SELF = YES;
				CLANG_WARN_OBJC_LITERAL_CONVERSION = YES;
				CLANG_WARN_OBJC_ROOT_CLASS = YES_ERROR;
				CLANG_WARN_QUOTED_INCLUDE_IN_FRAMEWORK_HEADER = YES;
				CLANG_WARN_RANGE_LOOP_ANALYSIS = YES;
				CLANG_WARN_STRICT_PROTOTYPES = YES;
				CLANG_WARN_SUSPICIOUS_MOVE = YES;
				CLANG_WARN_UNGUARDED_AVAILABILITY = YES_AGGRESSIVE;
				CLANG_WARN_UNREACHABLE_CODE = YES;
				CLANG_WARN__DUPLICATE_METHOD_MATCH = YES;
				COPY_PHASE_STRIP = NO;
				DEBUG_INFORMATION_FORMAT = "dwarf-with-dsym";
				ENABLE_NS_ASSERTIONS = NO;
				ENABLE_STRICT_OBJC_MSGSEND = YES;
				ENABLE_USER_SCRIPT_SANDBOXING = YES;
				GCC_C_LANGUAGE_STANDARD = gnu17;
				GCC_NO_COMMON_BLOCKS = YES;
				GCC_WARN_64_TO_32_BIT_CONVERSION = YES;
				GCC_WARN_ABOUT_RETURN_TYPE = YES_ERROR;
				GCC_WARN_UNDECLARED_SELECTOR = YES;
				GCC_WARN_UNINITIALIZED_AUTOS = YES_AGGRESSIVE;
				GCC_WARN_UNUSED_FUNCTION = YES;
				GCC_WARN_UNUSED_VARIABLE = YES;
				IPHONEOS_DEPLOYMENT_TARGET = 18.2;
				LOCALIZATION_PREFERS_STRING_CATALOGS = YES;
				MTL_ENABLE_DEBUG_INFO = NO;
				MTL_FAST_MATH = YES;
				SDKROOT = iphoneos;
				SWIFT_COMPILATION_MODE = wholemodule;
				VALIDATE_PRODUCT = YES;
			};
			name = Release;
		};
		815832272FBC00EC000D9B3A /* Debug */ = {
			isa = XCBuildConfiguration;
			buildSettings = {
				ASSETCATALOG_COMPILER_APPICON_NAME = AppIcon;
				ASSETCATALOG_COMPILER_GLOBAL_ACCENT_COLOR_NAME = AccentColor;
				CODE_SIGN_STYLE = Automatic;
				CURRENT_PROJECT_VERSION = 1;
				DEVELOPMENT_ASSET_PATHS = "\"atlas/Preview Content\"";
				ENABLE_PREVIEWS = YES;
				GENERATE_INFOPLIST_FILE = YES;
				INFOPLIST_KEY_UIApplicationSceneManifest_Generation = YES;
				INFOPLIST_KEY_UIApplicationSupportsIndirectInputEvents = YES;
				INFOPLIST_KEY_UILaunchScreen_Generation = YES;
				INFOPLIST_KEY_UISupportedInterfaceOrientations_iPad = "UIInterfaceOrientationPortrait UIInterfaceOrientationPortraitUpsideDown UIInterfaceOrientationLandscapeLeft UIInterfaceOrientationLandscapeRight";
				INFOPLIST_KEY_UISupportedInterfaceOrientations_iPhone = "UIInterfaceOrientationPortrait UIInterfaceOrientationLandscapeLeft UIInterfaceOrientationLandscapeRight";
				LD_RUNPATH_SEARCH_PATHS = (
					"$(inherited)",
					"@executable_path/Frameworks",
				);
				MARKETING_VERSION = 1.0;
				PRODUCT_BUNDLE_IDENTIFIER = com.zijinwang.atlas;
				PRODUCT_NAME = "$(TARGET_NAME)";
				SWIFT_EMIT_LOC_STRINGS = YES;
				SWIFT_VERSION = 5.0;
				TARGETED_DEVICE_FAMILY = "1,2";
			};
			name = Debug;
		};
		815832282FBC00EC000D9B3A /* Release */ = {
			isa = XCBuildConfiguration;
			buildSettings = {
				ASSETCATALOG_COMPILER_APPICON_NAME = AppIcon;
				ASSETCATALOG_COMPILER_GLOBAL_ACCENT_COLOR_NAME = AccentColor;
				CODE_SIGN_STYLE = Automatic;
				CURRENT_PROJECT_VERSION = 1;
				DEVELOPMENT_ASSET_PATHS = "\"atlas/Preview Content\"";
				ENABLE_PREVIEWS = YES;
				GENERATE_INFOPLIST_FILE = YES;
				INFOPLIST_KEY_UIApplicationSceneManifest_Generation = YES;
				INFOPLIST_KEY_UIApplicationSupportsIndirectInputEvents = YES;
				INFOPLIST_KEY_UILaunchScreen_Generation = YES;
				INFOPLIST_KEY_UISupportedInterfaceOrientations_iPad = "UIInterfaceOrientationPortrait UIInterfaceOrientationPortraitUpsideDown UIInterfaceOrientationLandscapeLeft UIInterfaceOrientationLandscapeRight";
				INFOPLIST_KEY_UISupportedInterfaceOrientations_iPhone = "UIInterfaceOrientationPortrait UIInterfaceOrientationLandscapeLeft UIInterfaceOrientationLandscapeRight";
				LD_RUNPATH_SEARCH_PATHS = (
					"$(inherited)",
					"@executable_path/Frameworks",
				);
				MARKETING_VERSION = 1.0;
				PRODUCT_BUNDLE_IDENTIFIER = com.zijinwang.atlas;
				PRODUCT_NAME = "$(TARGET_NAME)";
				SWIFT_EMIT_LOC_STRINGS = YES;
				SWIFT_VERSION = 5.0;
				TARGETED_DEVICE_FAMILY = "1,2";
			};
			name = Release;
		};
		8158322A2FBC00EC000D9B3A /* Debug */ = {
			isa = XCBuildConfiguration;
			buildSettings = {
				BUNDLE_LOADER = "$(TEST_HOST)";
				CODE_SIGN_STYLE = Automatic;
				CURRENT_PROJECT_VERSION = 1;
				GENERATE_INFOPLIST_FILE = YES;
				IPHONEOS_DEPLOYMENT_TARGET = 18.2;
				MARKETING_VERSION = 1.0;
				PRODUCT_BUNDLE_IDENTIFIER = com.zijinwang.atlasTests;
				PRODUCT_NAME = "$(TARGET_NAME)";
				SWIFT_EMIT_LOC_STRINGS = NO;
				SWIFT_VERSION = 5.0;
				TARGETED_DEVICE_FAMILY = "1,2";
				TEST_HOST = "$(BUILT_PRODUCTS_DIR)/atlas.app/$(BUNDLE_EXECUTABLE_FOLDER_PATH)/atlas";
			};
			name = Debug;
		};
		8158322B2FBC00EC000D9B3A /* Release */ = {
			isa = XCBuildConfiguration;
			buildSettings = {
				BUNDLE_LOADER = "$(TEST_HOST)";
				CODE_SIGN_STYLE = Automatic;
				CURRENT_PROJECT_VERSION = 1;
				GENERATE_INFOPLIST_FILE = YES;
				IPHONEOS_DEPLOYMENT_TARGET = 18.2;
				MARKETING_VERSION = 1.0;
				PRODUCT_BUNDLE_IDENTIFIER = com.zijinwang.atlasTests;
				PRODUCT_NAME = "$(TARGET_NAME)";
				SWIFT_EMIT_LOC_STRINGS = NO;
				SWIFT_VERSION = 5.0;
				TARGETED_DEVICE_FAMILY = "1,2";
				TEST_HOST = "$(BUILT_PRODUCTS_DIR)/atlas.app/$(BUNDLE_EXECUTABLE_FOLDER_PATH)/atlas";
			};
			name = Release;
		};
		8158322D2FBC00EC000D9B3A /* Debug */ = {
			isa = XCBuildConfiguration;
			buildSettings = {
				CODE_SIGN_STYLE = Automatic;
				CURRENT_PROJECT_VERSION = 1;
				GENERATE_INFOPLIST_FILE = YES;
				MARKETING_VERSION = 1.0;
				PRODUCT_BUNDLE_IDENTIFIER = com.zijinwang.atlasUITests;
				PRODUCT_NAME = "$(TARGET_NAME)";
				SWIFT_EMIT_LOC_STRINGS = NO;
				SWIFT_VERSION = 5.0;
				TARGETED_DEVICE_FAMILY = "1,2";
				TEST_TARGET_NAME = atlas;
			};
			name = Debug;
		};
		8158322E2FBC00EC000D9B3A /* Release */ = {
			isa = XCBuildConfiguration;
			buildSettings = {
				CODE_SIGN_STYLE = Automatic;
				CURRENT_PROJECT_VERSION = 1;
				GENERATE_INFOPLIST_FILE = YES;
				MARKETING_VERSION = 1.0;
				PRODUCT_BUNDLE_IDENTIFIER = com.zijinwang.atlasUITests;
				PRODUCT_NAME = "$(TARGET_NAME)";
				SWIFT_EMIT_LOC_STRINGS = NO;
				SWIFT_VERSION = 5.0;
				TARGETED_DEVICE_FAMILY = "1,2";
				TEST_TARGET_NAME = atlas;
			};
			name = Release;
		};
/* End XCBuildConfiguration section */

/* Begin XCConfigurationList section */
		815831FB2FBC00EA000D9B3A /* Build configuration list for PBXProject "atlas" */ = {
			isa = XCConfigurationList;
			buildConfigurations = (
				815832242FBC00EC000D9B3A /* Debug */,
				815832252FBC00EC000D9B3A /* Release */,
			);
			defaultConfigurationIsVisible = 0;
			defaultConfigurationName = Release;
		};
		815832262FBC00EC000D9B3A /* Build configuration list for PBXNativeTarget "atlas" */ = {
			isa = XCConfigurationList;
			buildConfigurations = (
				815832272FBC00EC000D9B3A /* Debug */,
				815832282FBC00EC000D9B3A /* Release */,
			);
			defaultConfigurationIsVisible = 0;
			defaultConfigurationName = Release;
		};
		815832292FBC00EC000D9B3A /* Build configuration list for PBXNativeTarget "atlasTests" */ = {
			isa = XCConfigurationList;
			buildConfigurations = (
				8158322A2FBC00EC000D9B3A /* Debug */,
				8158322B2FBC00EC000D9B3A /* Release */,
			);
			defaultConfigurationIsVisible = 0;
			defaultConfigurationName = Release;
		};
		8158322C2FBC00EC000D9B3A /* Build configuration list for PBXNativeTarget "atlasUITests" */ = {
			isa = XCConfigurationList;
			buildConfigurations = (
				8158322D2FBC00EC000D9B3A /* Debug */,
				8158322E2FBC00EC000D9B3A /* Release */,
			);
			defaultConfigurationIsVisible = 0;
			defaultConfigurationName = Release;
		};
/* End XCConfigurationList section */

/* Begin XCRemoteSwiftPackageReference section */
		815832502FBF4EF0000D9B3A /* XCRemoteSwiftPackageReference "supabase-swift" */ = {
			isa = XCRemoteSwiftPackageReference;
			repositoryURL = "https://github.com/supabase/supabase-swift";
			requirement = {
				kind = upToNextMajorVersion;
				minimumVersion = 2.5.1;
			};
		};
/* End XCRemoteSwiftPackageReference section */

/* Begin XCSwiftPackageProductDependency section */
		815832552FBF525A000D9B3A /* Supabase */ = {
			isa = XCSwiftPackageProductDependency;
			package = 815832502FBF4EF0000D9B3A /* XCRemoteSwiftPackageReference "supabase-swift" */;
			productName = Supabase;
		};
/* End XCSwiftPackageProductDependency section */
	};
	rootObject = 815831F82FBC00EA000D9B3A /* Project object */;
}
